
Microsoft Visual Studio Solution File, Format Version 12.00
# Visual Studio Version 16
VisualStudioVersion = 16.0.31005.135
MinimumVisualStudioVersion = 10.0.40219.1
Project("{9A19103F-16F7-4668-BE54-9A1E7A4F7556}") = "FeiraAPI", "FeiraAPI\FeiraAPI.csproj", "{DDBE4422-E617-4FF9-B949-6BDAB1E669EC}"
EndProject
Project("{9A19103F-16F7-4668-BE54-9A1E7A4F7556}") = "FeiraApi.Dominio", "FeiraApi.Dominio\FeiraApi.Dominio.csproj", "{AFC89FAE-0F70-403A-B962-4F4ED3404884}"
EndProject
Project("{FAE04EC0-301F-11D3-BF4B-00C04F79EFBC}") = "FeiraApi.Util", "FeiraApi.Util\FeiraApi.Util.csproj", "{69E92910-AB9E-414D-B41E-56FB0F20CB31}"
EndProject
Project("{FAE04EC0-301F-11D3-BF4B-00C04F79EFBC}") = "FeiraApi.Test", "FeiraApi.Test\FeiraApi.Test.csproj", "{BEE815F7-2791-4428-AAF1-57F0F53C83F8}"
EndProject
Global
	GlobalSection(SolutionConfigurationPlatforms) = preSolution
		Debug|Any CPU = Debug|Any CPU
		Release|Any CPU = Release|Any CPU
	EndGlobalSection
	GlobalSection(ProjectConfigurationPlatforms) = postSolution
		{DDBE4422-E617-4FF9-B949-6BDAB1E669EC}.Debug|Any CPU.ActiveCfg = Debug|Any CPU
		{DDBE4422-E617-4FF9-B949-6BDAB1E669EC}.Debug|Any CPU.Build.0 = Debug|Any CPU
		{DDBE4422-E617-4FF9-B949-6BDAB1E669EC}.Release|Any CPU.ActiveCfg = Release|Any CPU
		{DDBE4422-E617-4FF9-B949-6BDAB1E669EC}.Release|Any CPU.Build.0 = Release|Any CPU
		{AFC89FAE-0F70-403A-B962-4F4ED3404884}.Debug|Any CPU.ActiveCfg = Debug|Any CPU
		{AFC89FAE-0F70-403A-B962-4F4ED3404884}.Debug|Any CPU.Build.0 = Debug|Any CPU
		{AFC89FAE-0F70-403A-B962-4F4ED3404884}.Release|Any CPU.ActiveCfg = Release|Any CPU
		{AFC89FAE-0F70-403A-B962-4F4ED3404884}.Release|Any CPU.Build.0 = Release|Any CPU
		{69E92910-AB9E-414D-B41E-56FB0F20CB31}.Debug|Any CPU.ActiveCfg = Debug|Any CPU
		{69E92910-AB9E-414D-B41E-56FB0F20CB31}.Debug|Any CPU.Build.0 = Debug|Any CPU
		{69E92910-AB9E-414D-B41E-56FB0F20CB31}.Release|Any CPU.ActiveCfg = Release|Any CPU
		{69E92910-AB9E-414D-B41E-56FB0F20CB31}.Release|Any CPU.Build.0 = Release|Any CPU
		{BEE815F7-2791-4428-AAF1-57F0F53C83F8}.Debug|Any CPU.ActiveCfg = Debug|Any CPU
		{BEE815F7-2791-4428-AAF1-57F0F53C83F8}.Debug|Any CPU.Build.0 = Debug|Any CPU
		{BEE815F7-2791-4428-AAF1-57F0F53C83F8}.Release|Any CPU.ActiveCfg = Release|Any CPU
		{BEE815F7-2791-4428-AAF1-57F0F53C83F8}.Release|Any CPU.Build.0 = Release|Any CPU
	EndGlobalSection
	GlobalSection(SolutionProperties) = preSolution
		HideSolutionNode = FALSE
	EndGlobalSection
	GlobalSection(ExtensibilityGlobals) = postSolution
		SolutionGuid = {1F462019-E25E-468F-82EE-25F10BD07445}
	EndGlobalSection
EndGlobal
